
Microsoft Visual Studio Solution File, Format Version 12.00
# Visual Studio Version 17
VisualStudioVersion = 17.0.31903.59
MinimumVisualStudioVersion = 10.0.40219.1
Project("{2150E333-8FDC-42A3-9474-1A3956D46DE8}") = "src", "src", "{E4D1A2DC-1122-4775-AC84-F29F4F9002C0}"
EndProject
Project("{FAE04EC0-301F-11D3-BF4B-00C04F79EFBC}") = "KBase.Core", "src\KBase.Core\KBase.Core.csproj", "{5D1150A8-921E-4199-82F2-37F0FAB1A1AE}"
EndProject
Project("{FAE04EC0-301F-11D3-BF4B-00C04F79EFBC}") = "KBase.Infrastructure", "src\KBase.Infrastructure\KBase.Infrastructure.csproj", "{541D08C9-6707-417D-BBDA-2035FA94D6FE}"
EndProject
Project("{FAE04EC0-301F-11D3-BF4B-00C04F79EFBC}") = "KBase.Cli", "src\KBase.Cli\KBase.Cli.csproj", "{8B954C12-CE6D-466D-B42D-4964240D3857}"
EndProject
Project("{2150E333-8FDC-42A3-9474-1A3956D46DE8}") = "tests", "tests", "{1A29FA91-DF9C-46B1-8B0B-20475B792E06}"
EndProject
Project("{FAE04EC0-301F-11D3-BF4B-00C04F79EFBC}") = "KBase.Tests", "tests\KBase.Tests\KBase.Tests.csproj", "{E52BBDFE-8406-4F94-81F2-673EBEC9EA8B}"
EndProject
Project("{FAE04EC0-301F-11D3-BF4B-00C04F79EFBC}") = "KBase.Web", "src\KBase.Web\KBase.Web.csproj", "{9865B3F9-94FD-4BDB-9052-75B84443DDFC}"
EndProject
Global
	GlobalSection(SolutionConfigurationPlatforms) = preSolution
		Debug|Any CPU = Debug|Any CPU
		Release|Any CPU = Release|Any CPU
	EndGlobalSection
	GlobalSection(SolutionProperties) = preSolution
		HideSolutionNode = FALSE
	EndGlobalSection
	GlobalSection(ProjectConfigurationPlatforms) = postSolution
		{5D1150A8-921E-4199-82F2-37F0FAB1A1AE}.Debug|Any CPU.ActiveCfg = Debug|Any CPU
		{5D1150A8-921E-4199-82F2-37F0FAB1A1AE}.Debug|Any CPU.Build.0 = Debug|Any CPU
		{5D1150A8-921E-4199-82F2-37F0FAB1A1AE}.Release|Any CPU.ActiveCfg = Release|Any CPU
		{5D1150A8-921E-4199-82F2-37F0FAB1A1AE}.Release|Any CPU.Build.0 = Release|Any CPU
		{541D08C9-6707-417D-BBDA-2035FA94D6FE}.Debug|Any CPU.ActiveCfg = Debug|Any CPU
		{541D08C9-6707-417D-BBDA-2035FA94D6FE}.Debug|Any CPU.Build.0 = Debug|Any CPU
		{541D08C9-6707-417D-BBDA-2035FA94D6FE}.Release|Any CPU.ActiveCfg = Release|Any CPU
		{541D08C9-6707-417D-BBDA-2035FA94D6FE}.Release|Any CPU.Build.0 = Release|Any CPU
		{8B954C12-CE6D-466D-B42D-4964240D3857}.Debug|Any CPU.ActiveCfg = Debug|Any CPU
		{8B954C12-CE6D-466D-B42D-4964240D3857}.Debug|Any CPU.Build.0 = Debug|Any CPU
		{8B954C12-CE6D-466D-B42D-4964240D3857}.Release|Any CPU.ActiveCfg = Release|Any CPU
		{8B954C12-CE6D-466D-B42D-4964240D3857}.Release|Any CPU.Build.0 = Release|Any CPU
		{E52BBDFE-8406-4F94-81F2-673EBEC9EA8B}.Debug|Any CPU.ActiveCfg = Debug|Any CPU
		{E52BBDFE-8406-4F94-81F2-673EBEC9EA8B}.Debug|Any CPU.Build.0 = Debug|Any CPU
		{E52BBDFE-8406-4F94-81F2-673EBEC9EA8B}.Release|Any CPU.ActiveCfg = Release|Any CPU
		{E52BBDFE-8406-4F94-81F2-673EBEC9EA8B}.Release|Any CPU.Build.0 = Release|Any CPU
		{9865B3F9-94FD-4BDB-9052-75B84443DDFC}.Debug|Any CPU.ActiveCfg = Debug|Any CPU
		{9865B3F9-94FD-4BDB-9052-75B84443DDFC}.Debug|Any CPU.Build.0 = Debug|Any CPU
		{9865B3F9-94FD-4BDB-9052-75B84443DDFC}.Release|Any CPU.ActiveCfg = Release|Any CPU
		{9865B3F9-94FD-4BDB-9052-75B84443DDFC}.Release|Any CPU.Build.0 = Release|Any CPU
	EndGlobalSection
	GlobalSection(NestedProjects) = preSolution
		{5D1150A8-921E-4199-82F2-37F0FAB1A1AE} = {E4D1A2DC-1122-4775-AC84-F29F4F9002C0}
		{541D08C9-6707-417D-BBDA-2035FA94D6FE} = {E4D1A2DC-1122-4775-AC84-F29F4F9002C0}
		{8B954C12-CE6D-466D-B42D-4964240D3857} = {E4D1A2DC-1122-4775-AC84-F29F4F9002C0}
		{E52BBDFE-8406-4F94-81F2-673EBEC9EA8B} = {1A29FA91-DF9C-46B1-8B0B-20475B792E06}
		{9865B3F9-94FD-4BDB-9052-75B84443DDFC} = {E4D1A2DC-1122-4775-AC84-F29F4F9002C0}
	EndGlobalSection
EndGlobal
